
Microsoft Visual Studio Solution File, Format Version 12.00
# Visual Studio Version 17
VisualStudioVersion = 17.9.34622.214
MinimumVisualStudioVersion = 10.0.40219.1
Project("{9A19103F-16F7-4668-BE54-9A1E7A4F7556}") = "acmeApi", "customerApi\acmeApi.csproj", "{01863995-21F7-43E6-8D5D-25DD5382542E}"
EndProject
Project("{FAE04EC0-301F-11D3-BF4B-00C04F79EFBC}") = "acmeApiTestProject", "acmeApiTestProject\acmeApiTestProject.csproj", "{CD2BF092-2A51-43C6-86C7-67A4C98462BF}"
EndProject
Global
	GlobalSection(SolutionConfigurationPlatforms) = preSolution
		Debug|Any CPU = Debug|Any CPU
		Release|Any CPU = Release|Any CPU
	EndGlobalSection
	GlobalSection(ProjectConfigurationPlatforms) = postSolution
		{01863995-21F7-43E6-8D5D-25DD5382542E}.Debug|Any CPU.ActiveCfg = Debug|Any CPU
		{01863995-21F7-43E6-8D5D-25DD5382542E}.Debug|Any CPU.Build.0 = Debug|Any CPU
		{01863995-21F7-43E6-8D5D-25DD5382542E}.Release|Any CPU.ActiveCfg = Release|Any CPU
		{01863995-21F7-43E6-8D5D-25DD5382542E}.Release|Any CPU.Build.0 = Release|Any CPU
		{CD2BF092-2A51-43C6-86C7-67A4C98462BF}.Debug|Any CPU.ActiveCfg = Debug|Any CPU
		{CD2BF092-2A51-43C6-86C7-67A4C98462BF}.Debug|Any CPU.Build.0 = Debug|Any CPU
		{CD2BF092-2A51-43C6-86C7-67A4C98462BF}.Release|Any CPU.ActiveCfg = Release|Any CPU
		{CD2BF092-2A51-43C6-86C7-67A4C98462BF}.Release|Any CPU.Build.0 = Release|Any CPU
	EndGlobalSection
	GlobalSection(SolutionProperties) = preSolution
		HideSolutionNode = FALSE
	EndGlobalSection
	GlobalSection(ExtensibilityGlobals) = postSolution
		SolutionGuid = {7D250FAA-4A71-4E8D-A645-D459A4AA2433}
	EndGlobalSection
EndGlobal
